# This file was autogenerated by uv via the following command:
#    uv pip compile pyproject.toml -o requirements.lock
cffi==2.0.0
    # via cryptography
cryptography==46.0.3
    # via netconfigpro (pyproject.toml)
customtkinter==5.2.2
    # via netconfigpro (pyproject.toml)
darkdetect==0.8.0
    # via customtkinter
jinja2==3.1.6
    # via netconfigpro (pyproject.toml)
markupsafe==3.0.3
    # via jinja2
packaging==25.0
    # via customtkinter
pycparser==2.23
    # via cffi
pyyaml==6.0.3
    # via netconfigpro (pyproject.toml)
typing-extensions==4.15.0
    # via cryptography
